// !$*UTF8*$!
{
	archiveVersion = 1;
	classes = {
	};
	objectVersion = 48;
	objects = {

/* Begin PBXBuildFile section */
		18EA10492064CE800072D401 /* AppDelegate.swift in Sources */ = {isa = PBXBuildFile; fileRef = 18EA10482064CE800072D401 /* AppDelegate.swift */; };
		18EA104B2064CE800072D401 /* ViewController.swift in Sources */ = {isa = PBXBuildFile; fileRef = 18EA104A2064CE800072D401 /* ViewController.swift */; };
		18EA104E2064CE800072D401 /* Main.storyboard in Resources */ = {isa = PBXBuildFile; fileRef = 18EA104C2064CE800072D401 /* Main.storyboard */; };
		18EA10502064CE800072D401 /* Assets.xcassets in Resources */ = {isa = PBXBuildFile; fileRef = 18EA104F2064CE800072D401 /* Assets.xcassets */; };
		18EA10532064CE800072D401 /* LaunchScreen.storyboard in Resources */ = {isa = PBXBuildFile; fileRef = 18EA10512064CE800072D401 /* LaunchScreen.storyboard */; };
		72E22F2F35C2CCD29B42885A /* Pods_tramp_sina.framework in Frameworks */ = {isa = PBXBuildFile; fileRef = 9FA8C941392AF78A3226AD68 /* Pods_tramp_sina.framework */; };
/* End PBXBuildFile section */

/* Begin PBXFileReference section */
		18EA10452064CE800072D401 /* tramp.sina.app */ = {isa = PBXFileReference; explicitFileType = wrapper.application; includeInIndex = 0; path = tramp.sina.app; sourceTree = BUILT_PRODUCTS_DIR; };
		18EA10482064CE800072D401 /* AppDelegate.swift */ = {isa = PBXFileReference; lastKnownFileType = sourcecode.swift; path = AppDelegate.swift; sourceTree = "<group>"; };
		18EA104A2064CE800072D401 /* ViewController.swift */ = {isa = PBXFileReference; lastKnownFileType = sourcecode.swift; path = ViewController.swift; sourceTree = "<group>"; };
		18EA104D2064CE800072D401 /* Base */ = {isa = PBXFileReference; lastKnownFileType = file.storyboard; name = Base; path = Base.lproj/Main.storyboard; sourceTree = "<group>"; };
		18EA104F2064CE800072D401 /* Assets.xcassets */ = {isa = PBXFileReference; lastKnownFileType = folder.assetcatalog; path = Assets.xcassets; sourceTree = "<group>"; };
		18EA10522064CE800072D401 /* Base */ = {isa = PBXFileReference; lastKnownFileType = file.storyboard; name = Base; path = Base.lproj/LaunchScreen.storyboard; sourceTree = "<group>"; };
		18EA10542064CE800072D401 /* Info.plist */ = {isa = PBXFileReference; lastKnownFileType = text.plist.xml; path = Info.plist; sourceTree = "<group>"; };
		92B9D3E285262B291C81C22D /* Pods-tramp.sina.debug.xcconfig */ = {isa = PBXFileReference; includeInIndex = 1; lastKnownFileType = text.xcconfig; name = "Pods-tramp.sina.debug.xcconfig"; path = "Pods/Target Support Files/Pods-tramp.sina/Pods-tramp.sina.debug.xcconfig"; sourceTree = "<group>"; };
		9E2C47A99570F689F7B45E86 /* Pods-tramp.sina.release.xcconfig */ = {isa = PBXFileReference; includeInIndex = 1; lastKnownFileType = text.xcconfig; name = "Pods-tramp.sina.release.xcconfig"; path = "Pods/Target Support Files/Pods-tramp.sina/Pods-tramp.sina.release.xcconfig"; sourceTree = "<group>"; };
		9FA8C941392AF78A3226AD68 /* Pods_tramp_sina.framework */ = {isa = PBXFileReference; explicitFileType = wrapper.framework; includeInIndex = 0; path = Pods_tramp_sina.framework; sourceTree = BUILT_PRODUCTS_DIR; };
/* End PBXFileReference section */

/* Begin PBXFrameworksBuildPhase section */
		18EA10422064CE800072D401 /* Frameworks */ = {
			isa = PBXFrameworksBuildPhase;
			buildActionMask = 2147483647;
			files = (
				72E22F2F35C2CCD29B42885A /* Pods_tramp_sina.framework in Frameworks */,
			);
			runOnlyForDeploymentPostprocessing = 0;
		};
/* End PBXFrameworksBuildPhase section */

/* Begin PBXGroup section */
		18EA103C2064CE800072D401 = {
			isa = PBXGroup;
			children = (
				18EA10472064CE800072D401 /* tramp.sina */,
				18EA10462064CE800072D401 /* Products */,
				7E05AE477E11C918672FFB9A /* Pods */,
				ADFE0A08C14053802A7E1309 /* Frameworks */,
			);
			sourceTree = "<group>";
		};
		18EA10462064CE800072D401 /* Products */ = {
			isa = PBXGroup;
			children = (
				18EA10452064CE800072D401 /* tramp.sina.app */,
			);
			name = Products;
			sourceTree = "<group>";
		};
		18EA10472064CE800072D401 /* tramp.sina */ = {
			isa = PBXGroup;
			children = (
				18EA10482064CE800072D401 /* AppDelegate.swift */,
				18EA104A2064CE800072D401 /* ViewController.swift */,
				18EA104C2064CE800072D401 /* Main.storyboard */,
				18EA104F2064CE800072D401 /* Assets.xcassets */,
				18EA10512064CE800072D401 /* LaunchScreen.storyboard */,
				18EA10542064CE800072D401 /* Info.plist */,
			);
			path = tramp.sina;
			sourceTree = "<group>";
		};
		7E05AE477E11C918672FFB9A /* Pods */ = {
			isa = PBXGroup;
			children = (
				92B9D3E285262B291C81C22D /* Pods-tramp.sina.debug.xcconfig */,
				9E2C47A99570F689F7B45E86 /* Pods-tramp.sina.release.xcconfig */,
			);
			name = Pods;
			sourceTree = "<group>";
		};
		ADFE0A08C14053802A7E1309 /* Frameworks */ = {
			isa = PBXGroup;
			children = (
				9FA8C941392AF78A3226AD68 /* Pods_tramp_sina.framework */,
			);
			name = Frameworks;
			sourceTree = "<group>";
		};
/* End PBXGroup section */

/* Begin PBXNativeTarget section */
		18EA10442064CE800072D401 /* tramp.sina */ = {
			isa = PBXNativeTarget;
			buildConfigurationList = 18EA10572064CE800072D401 /* Build configuration list for PBXNativeTarget "tramp.sina" */;
			buildPhases = (
				514F1BF27C20FA7D29E11AD2 /* [CP] Check Pods Manifest.lock */,
				18EA10412064CE800072D401 /* Sources */,
				18EA10422064CE800072D401 /* Frameworks */,
				18EA10432064CE800072D401 /* Resources */,
				6C1DF0C044C8022CD4737C2B /* [CP] Embed Pods Frameworks */,
				223A8E7C72531C2B3B14AA34 /* [CP] Copy Pods Resources */,
			);
			buildRules = (
			);
			dependencies = (
			);
			name = tramp.sina;
			productName = tramp.sina;
			productReference = 18EA10452064CE800072D401 /* tramp.sina.app */;
			productType = "com.apple.product-type.application";
		};
/* End PBXNativeTarget section */

/* Begin PBXProject section */
		18EA103D2064CE800072D401 /* Project object */ = {
			isa = PBXProject;
			attributes = {
				LastSwiftUpdateCheck = 0920;
				LastUpgradeCheck = 0920;
				ORGANIZATIONNAME = tramp;
				TargetAttributes = {
					18EA10442064CE800072D401 = {
						CreatedOnToolsVersion = 9.2;
						ProvisioningStyle = Automatic;
					};
				};
			};
			buildConfigurationList = 18EA10402064CE800072D401 /* Build configuration list for PBXProject "tramp.sina" */;
			compatibilityVersion = "Xcode 8.0";
			developmentRegion = en;
			hasScannedForEncodings = 0;
			knownRegions = (
				en,
				Base,
			);
			mainGroup = 18EA103C2064CE800072D401;
			productRefGroup = 18EA10462064CE800072D401 /* Products */;
			projectDirPath = "";
			projectRoot = "";
			targets = (
				18EA10442064CE800072D401 /* tramp.sina */,
			);
		};
/* End PBXProject section */

/* Begin PBXResourcesBuildPhase section */
		18EA10432064CE800072D401 /* Resources */ = {
			isa = PBXResourcesBuildPhase;
			buildActionMask = 2147483647;
			files = (
				18EA10532064CE800072D401 /* LaunchScreen.storyboard in Resources */,
				18EA10502064CE800072D401 /* Assets.xcassets in Resources */,
				18EA104E2064CE800072D401 /* Main.storyboard in Resources */,
			);
			runOnlyForDeploymentPostprocessing = 0;
		};
/* End PBXResourcesBuildPhase section */

/* Begin PBXShellScriptBuildPhase section */
		223A8E7C72531C2B3B14AA34 /* [CP] Copy Pods Resources */ = {
			isa = PBXShellScriptBuildPhase;
			buildActionMask = 2147483647;
			files = (
			);
			inputPaths = (
			);
			name = "[CP] Copy Pods Resources";
			outputPaths = (
			);
			runOnlyForDeploymentPostprocessing = 0;
			shellPath = /bin/sh;
			shellScript = "\"${SRCROOT}/Pods/Target Support Files/Pods-tramp.sina/Pods-tramp.sina-resources.sh\"\n";
			showEnvVarsInLog = 0;
		};
		514F1BF27C20FA7D29E11AD2 /* [CP] Check Pods Manifest.lock */ = {
			isa = PBXShellScriptBuildPhase;
			buildActionMask = 2147483647;
			files = (
			);
			inputPaths = (
				"${PODS_PODFILE_DIR_PATH}/Podfile.lock",
				"${PODS_ROOT}/Manifest.lock",
			);
			name = "[CP] Check Pods Manifest.lock";
			outputPaths = (
				"$(DERIVED_FILE_DIR)/Pods-tramp.sina-checkManifestLockResult.txt",
			);
			runOnlyForDeploymentPostprocessing = 0;
			shellPath = /bin/sh;
			shellScript = "diff \"${PODS_PODFILE_DIR_PATH}/Podfile.lock\" \"${PODS_ROOT}/Manifest.lock\" > /dev/null\nif [ $? != 0 ] ; then\n    # print error to STDERR\n    echo \"error: The sandbox is not in sync with the Podfile.lock. Run 'pod install' or update your CocoaPods installation.\" >&2\n    exit 1\nfi\n# This output is used by Xcode 'outputs' to avoid re-running this script phase.\necho \"SUCCESS\" > \"${SCRIPT_OUTPUT_FILE_0}\"\n";
			showEnvVarsInLog = 0;
		};
		6C1DF0C044C8022CD4737C2B /* [CP] Embed Pods Frameworks */ = {
			isa = PBXShellScriptBuildPhase;
			buildActionMask = 2147483647;
			files = (
			);
			inputPaths = (
			);
			name = "[CP] Embed Pods Frameworks";
			outputPaths = (
			);
			runOnlyForDeploymentPostprocessing = 0;
			shellPath = /bin/sh;
			shellScript = "\"${SRCROOT}/Pods/Target Support Files/Pods-tramp.sina/Pods-tramp.sina-frameworks.sh\"\n";
			showEnvVarsInLog = 0;
		};
/* End PBXShellScriptBuildPhase section */

/* Begin PBXSourcesBuildPhase section */
		18EA10412064CE800072D401 /* Sources */ = {
			isa = PBXSourcesBuildPhase;
			buildActionMask = 2147483647;
			files = (
				18EA104B2064CE800072D401 /* ViewController.swift in Sources */,
				18EA10492064CE800072D401 /* AppDelegate.swift in Sources */,
			);
			runOnlyForDeploymentPostprocessing = 0;
		};
/* End PBXSourcesBuildPhase section */

/* Begin PBXVariantGroup section */
		18EA104C2064CE800072D401 /* Main.storyboard */ = {
			isa = PBXVariantGroup;
			children = (
				18EA104D2064CE800072D401 /* Base */,
			);
			name = Main.storyboard;
			sourceTree = "<group>";
		};
		18EA10512064CE800072D401 /* LaunchScreen.storyboard */ = {
			isa = PBXVariantGroup;
			children = (
				18EA10522064CE800072D401 /* Base */,
			);
			name = LaunchScreen.storyboard;
			sourceTree = "<group>";
		};
/* End PBXVariantGroup section */

/* Begin XCBuildConfiguration section */
		18EA10552064CE800072D401 /* Debug */ = {
			isa = XCBuildConfiguration;
			buildSettings = {
				ALWAYS_SEARCH_USER_PATHS = NO;
				CLANG_ANALYZER_NONNULL = YES;
				CLANG_ANALYZER_NUMBER_OBJECT_CONVERSION = YES_AGGRESSIVE;
				CLANG_CXX_LANGUAGE_STANDARD = "gnu++14";
				CLANG_CXX_LIBRARY = "libc++";
				CLANG_ENABLE_MODULES = YES;
				CLANG_ENABLE_OBJC_ARC = YES;
				CLANG_WARN_BLOCK_CAPTURE_AUTORELEASING = YES;
				CLANG_WARN_BOOL_CONVERSION = YES;
				CLANG_WARN_COMMA = YES;
				CLANG_WARN_CONSTANT_CONVERSION = YES;
				CLANG_WARN_DIRECT_OBJC_ISA_USAGE = YES_ERROR;
				CLANG_WARN_DOCUMENTATION_COMMENTS = YES;
				CLANG_WARN_EMPTY_BODY = YES;
				CLANG_WARN_ENUM_CONVERSION = YES;
				CLANG_WARN_INFINITE_RECURSION = YES;
				CLANG_WARN_INT_CONVERSION = YES;
				CLANG_WARN_NON_LITERAL_NULL_CONVERSION = YES;
				CLANG_WARN_OBJC_LITERAL_CONVERSION = YES;
				CLANG_WARN_OBJC_ROOT_CLASS = YES_ERROR;
				CLANG_WARN_RANGE_LOOP_ANALYSIS = YES;
				CLANG_WARN_STRICT_PROTOTYPES = YES;
				CLANG_WARN_SUSPICIOUS_MOVE = YES;
				CLANG_WARN_UNGUARDED_AVAILABILITY = YES_AGGRESSIVE;
				CLANG_WARN_UNREACHABLE_CODE = YES;
				CLANG_WARN__DUPLICATE_METHOD_MATCH = YES;
				CODE_SIGN_IDENTITY = "iPhone Developer";
				COPY_PHASE_STRIP = NO;
				DEBUG_INFORMATION_FORMAT = dwarf;
				ENABLE_STRICT_OBJC_MSGSEND = YES;
				ENABLE_TESTABILITY = YES;
				GCC_C_LANGUAGE_STANDARD = gnu11;
				GCC_DYNAMIC_NO_PIC = NO;
				GCC_NO_COMMON_BLOCKS = YES;
				GCC_OPTIMIZATION_LEVEL = 0;
				GCC_PREPROCESSOR_DEFINITIONS = (
					"DEBUG=1",
					"$(inherited)",
				);
				GCC_WARN_64_TO_32_BIT_CONVERSION = YES;
				GCC_WARN_ABOUT_RETURN_TYPE = YES_ERROR;
				GCC_WARN_UNDECLARED_SELECTOR = YES;
				GCC_WARN_UNINITIALIZED_AUTOS = YES_AGGRESSIVE;
				GCC_WARN_UNUSED_FUNCTION = YES;
				GCC_WARN_UNUSED_VARIABLE = YES;
				IPHONEOS_DEPLOYMENT_TARGET = 11.2;
				MTL_ENABLE_DEBUG_INFO = YES;
				ONLY_ACTIVE_ARCH = YES;
				SDKROOT = iphoneos;
				SWIFT_ACTIVE_COMPILATION_CONDITIONS = DEBUG;
				SWIFT_OPTIMIZATION_LEVEL = "-Onone";
			};
			name = Debug;
		};
		18EA10562064CE800072D401 /* Release */ = {
			isa = XCBuildConfiguration;
			buildSettings = {
				ALWAYS_SEARCH_USER_PATHS = NO;
				CLANG_ANALYZER_NONNULL = YES;
				CLANG_ANALYZER_NUMBER_OBJECT_CONVERSION = YES_AGGRESSIVE;
				CLANG_CXX_LANGUAGE_STANDARD = "gnu++14";
				CLANG_CXX_LIBRARY = "libc++";
				CLANG_ENABLE_MODULES = YES;
				CLANG_ENABLE_OBJC_ARC = YES;
				CLANG_WARN_BLOCK_CAPTURE_AUTORELEASING = YES;
				CLANG_WARN_BOOL_CONVERSION = YES;
				CLANG_WARN_COMMA = YES;
				CLANG_WARN_CONSTANT_CONVERSION = YES;
				CLANG_WARN_DIRECT_OBJC_ISA_USAGE = YES_ERROR;
				CLANG_WARN_DOCUMENTATION_COMMENTS = YES;
				CLANG_WARN_EMPTY_BODY = YES;
				CLANG_WARN_ENUM_CONVERSION = YES;
				CLANG_WARN_INFINITE_RECURSION = YES;
				CLANG_WARN_INT_CONVERSION = YES;
				CLANG_WARN_NON_LITERAL_NULL_CONVERSION = YES;
				CLANG_WARN_OBJC_LITERAL_CONVERSION = YES;
				CLANG_WARN_OBJC_ROOT_CLASS = YES_ERROR;
				CLANG_WARN_RANGE_LOOP_ANALYSIS = YES;
				CLANG_WARN_STRICT_PROTOTYPES = YES;
				CLANG_WARN_SUSPICIOUS_MOVE = YES;
				CLANG_WARN_UNGUARDED_AVAILABILITY = YES_AGGRESSIVE;
				CLANG_WARN_UNREACHABLE_CODE = YES;
				CLANG_WARN__DUPLICATE_METHOD_MATCH = YES;
				CODE_SIGN_IDENTITY = "iPhone Developer";
				COPY_PHASE_STRIP = NO;
				DEBUG_INFORMATION_FORMAT = "dwarf-with-dsym";
				ENABLE_NS_ASSERTIONS = NO;
				ENABLE_STRICT_OBJC_MSGSEND = YES;
				GCC_C_LANGUAGE_STANDARD = gnu11;
				GCC_NO_COMMON_BLOCKS = YES;
				GCC_WARN_64_TO_32_BIT_CONVERSION = YES;
				GCC_WARN_ABOUT_RETURN_TYPE = YES_ERROR;
				GCC_WARN_UNDECLARED_SELECTOR = YES;
				GCC_WARN_UNINITIALIZED_AUTOS = YES_AGGRESSIVE;
				GCC_WARN_UNUSED_FUNCTION = YES;
				GCC_WARN_UNUSED_VARIABLE = YES;
				IPHONEOS_DEPLOYMENT_TARGET = 11.2;
				MTL_ENABLE_DEBUG_INFO = NO;
				SDKROOT = iphoneos;
				SWIFT_OPTIMIZATION_LEVEL = "-Owholemodule";
				VALIDATE_PRODUCT = YES;
			};
			name = Release;
		};
		18EA10582064CE800072D401 /* Debug */ = {
			isa = XCBuildConfiguration;
			baseConfigurationReference = 92B9D3E285262B291C81C22D /* Pods-tramp.sina.debug.xcconfig */;
			buildSettings = {
				ASSETCATALOG_COMPILER_APPICON_NAME = AppIcon;
				CODE_SIGN_STYLE = Automatic;
				DEVELOPMENT_TEAM = 6W77EGW7S3;
				INFOPLIST_FILE = tramp.sina/Info.plist;
				LD_RUNPATH_SEARCH_PATHS = "$(inherited) @executable_path/Frameworks";
				PRODUCT_BUNDLE_IDENTIFIER = im.guoyi.tramp.sina;
				PRODUCT_NAME = "$(TARGET_NAME)";
				SWIFT_VERSION = 4.0;
				TARGETED_DEVICE_FAMILY = "1,2";
			};
			name = Debug;
		};
		18EA10592064CE800072D401 /* Release */ = {
			isa = XCBuildConfiguration;
			baseConfigurationReference = 9E2C47A99570F689F7B45E86 /* Pods-tramp.sina.release.xcconfig */;
			buildSettings = {
				ASSETCATALOG_COMPILER_APPICON_NAME = AppIcon;
				CODE_SIGN_STYLE = Automatic;
				DEVELOPMENT_TEAM = 6W77EGW7S3;
				INFOPLIST_FILE = tramp.sina/Info.plist;
				LD_RUNPATH_SEARCH_PATHS = "$(inherited) @executable_path/Frameworks";
				PRODUCT_BUNDLE_IDENTIFIER = im.guoyi.tramp.sina;
				PRODUCT_NAME = "$(TARGET_NAME)";
				SWIFT_VERSION = 4.0;
				TARGETED_DEVICE_FAMILY = "1,2";
			};
			name = Release;
		};
/* End XCBuildConfiguration section */

/* Begin XCConfigurationList section */
		18EA10402064CE800072D401 /* Build configuration list for PBXProject "tramp.sina" */ = {
			isa = XCConfigurationList;
			buildConfigurations = (
				18EA10552064CE800072D401 /* Debug */,
				18EA10562064CE800072D401 /* Release */,
			);
			defaultConfigurationIsVisible = 0;
			defaultConfigurationName = Release;
		};
		18EA10572064CE800072D401 /* Build configuration list for PBXNativeTarget "tramp.sina" */ = {
			isa = XCConfigurationList;
			buildConfigurations = (
				18EA10582064CE800072D401 /* Debug */,
				18EA10592064CE800072D401 /* Release */,
			);
			defaultConfigurationIsVisible = 0;
			defaultConfigurationName = Release;
		};
/* End XCConfigurationList section */
	};
	rootObject = 18EA103D2064CE800072D401 /* Project object */;
}
